
Microsoft Visual Studio Solution File, Format Version 12.00
# Visual Studio Version 16
VisualStudioVersion = 16.0.32428.217
MinimumVisualStudioVersion = 10.0.40219.1
Project("{FAE04EC0-301F-11D3-BF4B-00C04F79EFBC}") = "DemoWithoutPolymorphism", "DemoWithoutPolymorphism\DemoWithoutPolymorphism.csproj", "{BD414057-5ED0-48FE-B71F-0148223BA2B0}"
EndProject
Project("{FAE04EC0-301F-11D3-BF4B-00C04F79EFBC}") = "DemoTest", "DemoTest\DemoTest.csproj", "{479FCC40-7B44-4074-AA99-EB8F02A41F8E}"
EndProject
Global
	GlobalSection(SolutionConfigurationPlatforms) = preSolution
		Debug|Any CPU = Debug|Any CPU
		Release|Any CPU = Release|Any CPU
	EndGlobalSection
	GlobalSection(ProjectConfigurationPlatforms) = postSolution
		{BD414057-5ED0-48FE-B71F-0148223BA2B0}.Debug|Any CPU.ActiveCfg = Debug|Any CPU
		{BD414057-5ED0-48FE-B71F-0148223BA2B0}.Debug|Any CPU.Build.0 = Debug|Any CPU
		{BD414057-5ED0-48FE-B71F-0148223BA2B0}.Release|Any CPU.ActiveCfg = Release|Any CPU
		{BD414057-5ED0-48FE-B71F-0148223BA2B0}.Release|Any CPU.Build.0 = Release|Any CPU
		{479FCC40-7B44-4074-AA99-EB8F02A41F8E}.Debug|Any CPU.ActiveCfg = Debug|Any CPU
		{479FCC40-7B44-4074-AA99-EB8F02A41F8E}.Debug|Any CPU.Build.0 = Debug|Any CPU
		{479FCC40-7B44-4074-AA99-EB8F02A41F8E}.Release|Any CPU.ActiveCfg = Release|Any CPU
		{479FCC40-7B44-4074-AA99-EB8F02A41F8E}.Release|Any CPU.Build.0 = Release|Any CPU
	EndGlobalSection
	GlobalSection(SolutionProperties) = preSolution
		HideSolutionNode = FALSE
	EndGlobalSection
	GlobalSection(ExtensibilityGlobals) = postSolution
		SolutionGuid = {6CC8515A-6CFC-439C-8F44-C2D63C579F8C}
	EndGlobalSection
EndGlobal
